
Microsoft Visual Studio Solution File, Format Version 12.00
# Visual Studio Version 16
VisualStudioVersion = 16.0.31112.23
MinimumVisualStudioVersion = 10.0.40219.1
Project("{FAE04EC0-301F-11D3-BF4B-00C04F79EFBC}") = "ConnectTheDots", "ConnectTheDots.csproj", "{121197F8-631C-4166-8D7C-5E6B44323CEB}"
EndProject
Global
	GlobalSection(SolutionConfigurationPlatforms) = preSolution
		Debug|Any CPU = Debug|Any CPU
		Release|Any CPU = Release|Any CPU
	EndGlobalSection
	GlobalSection(ProjectConfigurationPlatforms) = postSolution
		{121197F8-631C-4166-8D7C-5E6B44323CEB}.Debug|Any CPU.ActiveCfg = Debug|Any CPU
		{121197F8-631C-4166-8D7C-5E6B44323CEB}.Debug|Any CPU.Build.0 = Debug|Any CPU
		{121197F8-631C-4166-8D7C-5E6B44323CEB}.Release|Any CPU.ActiveCfg = Release|Any CPU
		{121197F8-631C-4166-8D7C-5E6B44323CEB}.Release|Any CPU.Build.0 = Release|Any CPU
	EndGlobalSection
	GlobalSection(SolutionProperties) = preSolution
		HideSolutionNode = FALSE
	EndGlobalSection
	GlobalSection(ExtensibilityGlobals) = postSolution
		SolutionGuid = {CA73B520-43FD-4C41-B655-514065981AF5}
	EndGlobalSection
EndGlobal
